
Microsoft Visual Studio Solution File, Format Version 12.00
# Visual Studio Version 16
VisualStudioVersion = 16.0.30204.135
MinimumVisualStudioVersion = 10.0.40219.1
Project("{FAE04EC0-301F-11D3-BF4B-00C04F79EFBC}") = "webapp mvc 3.1", "webapp mvc 3.1\webapp mvc 3.1.csproj", "{92F3E913-5015-41D8-B6F7-292B1DC4CD6E}"
EndProject
Global
	GlobalSection(SolutionConfigurationPlatforms) = preSolution
		Debug|Any CPU = Debug|Any CPU
		Release|Any CPU = Release|Any CPU
	EndGlobalSection
	GlobalSection(ProjectConfigurationPlatforms) = postSolution
		{92F3E913-5015-41D8-B6F7-292B1DC4CD6E}.Debug|Any CPU.ActiveCfg = Debug|Any CPU
		{92F3E913-5015-41D8-B6F7-292B1DC4CD6E}.Debug|Any CPU.Build.0 = Debug|Any CPU
		{92F3E913-5015-41D8-B6F7-292B1DC4CD6E}.Release|Any CPU.ActiveCfg = Release|Any CPU
		{92F3E913-5015-41D8-B6F7-292B1DC4CD6E}.Release|Any CPU.Build.0 = Release|Any CPU
	EndGlobalSection
	GlobalSection(SolutionProperties) = preSolution
		HideSolutionNode = FALSE
	EndGlobalSection
	GlobalSection(ExtensibilityGlobals) = postSolution
		SolutionGuid = {4BC4DECE-2262-436C-9146-32CCDA5E0BD6}
	EndGlobalSection
EndGlobal
