
Microsoft Visual Studio Solution File, Format Version 12.00
# Visual Studio Version 16
VisualStudioVersion = 16.0.30204.135
MinimumVisualStudioVersion = 10.0.40219.1
Project("{FAE04EC0-301F-11D3-BF4B-00C04F79EFBC}") = "web app 30", "web app 30\web app 30.csproj", "{91493962-3C0E-4A04-BA9C-1F8E77B917E5}"
EndProject
Global
	GlobalSection(SolutionConfigurationPlatforms) = preSolution
		Debug|Any CPU = Debug|Any CPU
		Release|Any CPU = Release|Any CPU
	EndGlobalSection
	GlobalSection(ProjectConfigurationPlatforms) = postSolution
		{91493962-3C0E-4A04-BA9C-1F8E77B917E5}.Debug|Any CPU.ActiveCfg = Debug|Any CPU
		{91493962-3C0E-4A04-BA9C-1F8E77B917E5}.Debug|Any CPU.Build.0 = Debug|Any CPU
		{91493962-3C0E-4A04-BA9C-1F8E77B917E5}.Release|Any CPU.ActiveCfg = Release|Any CPU
		{91493962-3C0E-4A04-BA9C-1F8E77B917E5}.Release|Any CPU.Build.0 = Release|Any CPU
	EndGlobalSection
	GlobalSection(SolutionProperties) = preSolution
		HideSolutionNode = FALSE
	EndGlobalSection
	GlobalSection(ExtensibilityGlobals) = postSolution
		SolutionGuid = {EEE1ACB3-AFF1-4012-872C-84CE8C9883FC}
	EndGlobalSection
EndGlobal
